
Microsoft Visual Studio Solution File, Format Version 12.00
# Visual Studio Version 16
VisualStudioVersion = 16.0.29728.190
MinimumVisualStudioVersion = 10.0.40219.1
Project("{FAE04EC0-301F-11D3-BF4B-00C04F79EFBC}") = "OnlineFoodDelivery.Web", "OnlineFoodDelivery.Web\OnlineFoodDelivery.Web.csproj", "{69230047-9C53-46D4-BDB6-B89889DA130C}"
EndProject
Project("{FAE04EC0-301F-11D3-BF4B-00C04F79EFBC}") = "OnlineFoodDelivery.Data", "OnlineFoodDelivery.Data\OnlineFoodDelivery.Data.csproj", "{9A194D6A-7E17-47D7-9FB5-A8E1DA5BF505}"
EndProject
Global
	GlobalSection(SolutionConfigurationPlatforms) = preSolution
		Debug|Any CPU = Debug|Any CPU
		Release|Any CPU = Release|Any CPU
	EndGlobalSection
	GlobalSection(ProjectConfigurationPlatforms) = postSolution
		{69230047-9C53-46D4-BDB6-B89889DA130C}.Debug|Any CPU.ActiveCfg = Debug|Any CPU
		{69230047-9C53-46D4-BDB6-B89889DA130C}.Debug|Any CPU.Build.0 = Debug|Any CPU
		{69230047-9C53-46D4-BDB6-B89889DA130C}.Release|Any CPU.ActiveCfg = Release|Any CPU
		{69230047-9C53-46D4-BDB6-B89889DA130C}.Release|Any CPU.Build.0 = Release|Any CPU
		{9A194D6A-7E17-47D7-9FB5-A8E1DA5BF505}.Debug|Any CPU.ActiveCfg = Debug|Any CPU
		{9A194D6A-7E17-47D7-9FB5-A8E1DA5BF505}.Debug|Any CPU.Build.0 = Debug|Any CPU
		{9A194D6A-7E17-47D7-9FB5-A8E1DA5BF505}.Release|Any CPU.ActiveCfg = Release|Any CPU
		{9A194D6A-7E17-47D7-9FB5-A8E1DA5BF505}.Release|Any CPU.Build.0 = Release|Any CPU
	EndGlobalSection
	GlobalSection(SolutionProperties) = preSolution
		HideSolutionNode = FALSE
	EndGlobalSection
	GlobalSection(ExtensibilityGlobals) = postSolution
		SolutionGuid = {FC1E4534-712A-420C-8535-8FD0702CD742}
	EndGlobalSection
EndGlobal
